PODS:
  - GRDB.swift (5.8.0):
    - GRDB.swift/standard (= 5.8.0)
  - GRDB.swift/standard (5.8.0)

DEPENDENCIES:
  - GRDB.swift

SPEC REPOS:
  trunk:
    - GRDB.swift

SPEC CHECKSUMS:
  GRDB.swift: 9b9beec114435e1d852ad68c136cff4c71134627

PODFILE CHECKSUM: 2de0a73f076603f4bdc11db99ed136f50528edd4

COCOAPODS: 1.10.1
